
Microsoft Visual Studio Solution File, Format Version 12.00
# Visual Studio Version 17
VisualStudioVersion = 17.5.002.0
MinimumVisualStudioVersion = 10.0.40219.1
Project("{9A19103F-16F7-4668-BE54-9A1E7A4F7556}") = "FileWriteBenchmark", "FileWriteBenchmark.csproj", "{C83F0EF2-1198-4E26-A733-33264CABA046}"
EndProject
Global
	GlobalSection(SolutionConfigurationPlatforms) = preSolution
		Debug|Any CPU = Debug|Any CPU
		Release|Any CPU = Release|Any CPU
	EndGlobalSection
	GlobalSection(ProjectConfigurationPlatforms) = postSolution
		{C83F0EF2-1198-4E26-A733-33264CABA046}.Debug|Any CPU.ActiveCfg = Debug|Any CPU
		{C83F0EF2-1198-4E26-A733-33264CABA046}.Debug|Any CPU.Build.0 = Debug|Any CPU
		{C83F0EF2-1198-4E26-A733-33264CABA046}.Release|Any CPU.ActiveCfg = Release|Any CPU
		{C83F0EF2-1198-4E26-A733-33264CABA046}.Release|Any CPU.Build.0 = Release|Any CPU
	EndGlobalSection
	GlobalSection(SolutionProperties) = preSolution
		HideSolutionNode = FALSE
	EndGlobalSection
	GlobalSection(ExtensibilityGlobals) = postSolution
		SolutionGuid = {39839B41-61CB-4F90-95DA-A2032E11431F}
	EndGlobalSection
EndGlobal
